
Microsoft Visual Studio Solution File, Format Version 12.00
# Visual Studio Version 17
VisualStudioVersion = 17.4.33110.190
MinimumVisualStudioVersion = 10.0.40219.1
Project("{FAE04EC0-301F-11D3-BF4B-00C04F79EFBC}") = "MoodAnalyzerNew", "MoodAnalyzerNew\MoodAnalyzerNew.csproj", "{741C87D6-BCF7-4D8A-A706-060FFFAFF619}"
EndProject
Project("{FAE04EC0-301F-11D3-BF4B-00C04F79EFBC}") = "TestProject1", "TestProject1\TestProject1.csproj", "{FCC8F152-FAC6-4F49-A13B-8AF3E91576FF}"
EndProject
Global
	GlobalSection(SolutionConfigurationPlatforms) = preSolution
		Debug|Any CPU = Debug|Any CPU
		Release|Any CPU = Release|Any CPU
	EndGlobalSection
	GlobalSection(ProjectConfigurationPlatforms) = postSolution
		{741C87D6-BCF7-4D8A-A706-060FFFAFF619}.Debug|Any CPU.ActiveCfg = Debug|Any CPU
		{741C87D6-BCF7-4D8A-A706-060FFFAFF619}.Debug|Any CPU.Build.0 = Debug|Any CPU
		{741C87D6-BCF7-4D8A-A706-060FFFAFF619}.Release|Any CPU.ActiveCfg = Release|Any CPU
		{741C87D6-BCF7-4D8A-A706-060FFFAFF619}.Release|Any CPU.Build.0 = Release|Any CPU
		{FCC8F152-FAC6-4F49-A13B-8AF3E91576FF}.Debug|Any CPU.ActiveCfg = Debug|Any CPU
		{FCC8F152-FAC6-4F49-A13B-8AF3E91576FF}.Debug|Any CPU.Build.0 = Debug|Any CPU
		{FCC8F152-FAC6-4F49-A13B-8AF3E91576FF}.Release|Any CPU.ActiveCfg = Release|Any CPU
		{FCC8F152-FAC6-4F49-A13B-8AF3E91576FF}.Release|Any CPU.Build.0 = Release|Any CPU
	EndGlobalSection
	GlobalSection(SolutionProperties) = preSolution
		HideSolutionNode = FALSE
	EndGlobalSection
	GlobalSection(ExtensibilityGlobals) = postSolution
		SolutionGuid = {49E7DABA-429B-4CF4-B579-A5B22FE22CAF}
	EndGlobalSection
EndGlobal
